
Microsoft Visual Studio Solution File, Format Version 12.00
# Visual Studio Version 16
VisualStudioVersion = 16.0.31105.61
MinimumVisualStudioVersion = 10.0.40219.1
Project("{FAE04EC0-301F-11D3-BF4B-00C04F79EFBC}") = "A893092.Actividad01", "A893092.Actividad01\A893092.Actividad01.csproj", "{3748DBDE-E4B6-4215-98E9-E15CC0B28F86}"
EndProject
Global
	GlobalSection(SolutionConfigurationPlatforms) = preSolution
		Debug|Any CPU = Debug|Any CPU
		Release|Any CPU = Release|Any CPU
	EndGlobalSection
	GlobalSection(ProjectConfigurationPlatforms) = postSolution
		{3748DBDE-E4B6-4215-98E9-E15CC0B28F86}.Debug|Any CPU.ActiveCfg = Debug|Any CPU
		{3748DBDE-E4B6-4215-98E9-E15CC0B28F86}.Debug|Any CPU.Build.0 = Debug|Any CPU
		{3748DBDE-E4B6-4215-98E9-E15CC0B28F86}.Release|Any CPU.ActiveCfg = Release|Any CPU
		{3748DBDE-E4B6-4215-98E9-E15CC0B28F86}.Release|Any CPU.Build.0 = Release|Any CPU
	EndGlobalSection
	GlobalSection(SolutionProperties) = preSolution
		HideSolutionNode = FALSE
	EndGlobalSection
	GlobalSection(ExtensibilityGlobals) = postSolution
		SolutionGuid = {D94BE507-C6B3-4834-AA3E-4F6A392DAA60}
	EndGlobalSection
EndGlobal
